<?xml version="1.0" encoding="utf-8"?>
<Project ToolsVersion="4.0" xmlns="http://schemas.microsoft.com/developer/msbuild/2003">
  <ItemGroup>
    <ClCompile Include="BChara.cpp" />
    <ClCompile Include="BEnemy.cpp" />
    <ClCompile Include="DG2014\DG2014_DGObject.cpp" />
    <ClCompile Include="DG2014\DG2014_Effect.cpp" />
    <ClCompile Include="DG2014\DG2014_Font.cpp" />
    <ClCompile Include="DG2014\DG2014_Image.cpp" />
    <ClCompile Include="DG2014\DG2014_IndexBuffer.cpp" />
    <ClCompile Include="DG2014\DG2014_InputLayout.cpp" />
    <ClCompile Include="DG2014\DG2014_Mesh.cpp" />
    <ClCompile Include="DG2014\DG2014_MeshSOBFile.cpp" />
    <ClCompile Include="DG2014\DG2014_Texture.cpp" />
    <ClCompile Include="DG2014\DG2014_Ver3_6.cpp" />
    <ClCompile Include="DG2014\DG2014_VertexBuffer.cpp" />
    <ClCompile Include="DG2014\DG2014_VertexContainer.cpp" />
    <ClCompile Include="Dm2008_Ver1_4.cpp" />
    <ClCompile Include="easing.cpp" />
    <ClCompile Include="fpscounter.cpp" />
    <ClCompile Include="GameEngine_Ver3_83.cpp" />
    <ClCompile Include="myLib.cpp" />
    <ClCompile Include="MyPG.cpp" />
    <ClCompile Include="OriginalLibrary.cpp" />
    <ClCompile Include="randomLib.cpp" />
    <ClCompile Include="sound.cpp" />
    <ClCompile Include="Task_Effect00.cpp" />
    <ClCompile Include="Task_Ending.cpp" />
    <ClCompile Include="Task_EnemyManager.cpp" />
    <ClCompile Include="Task_EnemySkeleton.cpp" />
    <ClCompile Include="Task_FireBall.cpp" />
    <ClCompile Include="Task_Game.cpp" />
    <ClCompile Include="Task_GameUI.cpp" />
    <ClCompile Include="Task_GameUI_MiniMap.cpp" />
    <ClCompile Include="Task_Item_coin.cpp" />
    <ClCompile Include="Task_Item_coin_maneger.cpp" />
    <ClCompile Include="Task_Load.cpp" />
    <ClCompile Include="Task_MagicManager.cpp" />
    <ClCompile Include="Task_Map.cpp" />
    <ClCompile Include="Task_MapManager.cpp" />
    <ClCompile Include="Task_Player.cpp" />
    <ClCompile Include="Task_Sprite.cpp" />
    <ClCompile Include="Task_Title.cpp" />
    <ClCompile Include="WinMain.cpp" />
    <ClCompile Include="XI2018_Ver1_0.cpp" />
    <ClCompile Include="Task_WaterBlast.cpp" />
  </ItemGroup>
  <ItemGroup>
    <ClInclude Include="BChara.h" />
    <ClInclude Include="BEnemy.h" />
    <ClInclude Include="DG2014\DG2014_DGObject.h" />
    <ClInclude Include="DG2014\DG2014_Effect.h" />
    <ClInclude Include="DG2014\DG2014_Font.h" />
    <ClInclude Include="DG2014\DG2014_Image.h" />
    <ClInclude Include="DG2014\DG2014_IndexBuffer.h" />
    <ClInclude Include="DG2014\DG2014_InputLayout.h" />
    <ClInclude Include="DG2014\DG2014_Mesh.h" />
    <ClInclude Include="DG2014\DG2014_Texture.h" />
    <ClInclude Include="DG2014\DG2014_Ver3_6.h" />
    <ClInclude Include="DG2014\DG2014_VertexBuffer.h" />
    <ClInclude Include="DG2014\DG2014_VertexContainer.h" />
    <ClInclude Include="Dm2008_Ver1_4.h" />
    <ClInclude Include="easing.h" />
    <ClInclude Include="fpscounter.h" />
    <ClInclude Include="GameEngine_Ver3_83.h" />
    <ClInclude Include="myLib.h" />
    <ClInclude Include="MyPG.h" />
    <ClInclude Include="OriginalLibrary.h" />
    <ClInclude Include="randomLib.h" />
    <ClInclude Include="resource.h" />
    <ClInclude Include="sound.h" />
    <ClInclude Include="Task_Effect00.h" />
    <ClInclude Include="Task_Ending.h" />
    <ClInclude Include="Task_EnemyManager.h" />
    <ClInclude Include="Task_EnemySkeleton.h" />
    <ClInclude Include="Task_FireBall.h" />
    <ClInclude Include="Task_Game.h" />
    <ClInclude Include="Task_GameUI.h" />
    <ClInclude Include="Task_GameUI_MiniMap.h" />
    <ClInclude Include="Task_Item_coin.h" />
    <ClInclude Include="Task_Item_coin_maneger.h" />
    <ClInclude Include="Task_Load.h" />
    <ClInclude Include="Task_MagicManager.h" />
    <ClInclude Include="Task_Map.h" />
    <ClInclude Include="Task_MapManager.h" />
    <ClInclude Include="Task_Player.h" />
    <ClInclude Include="Task_Sprite.h" />
    <ClInclude Include="Task_Title.h" />
    <ClInclude Include="XI2018_Ver1_0.h" />
    <ClInclude Include="Task_WaterBlast.h" />
  </ItemGroup>
  <ItemGroup>
    <ResourceCompile Include="GPG_20201.rc" />
  </ItemGroup>
  <ItemGroup>
    <Image Include="data\Gp3.ico" />
  </ItemGroup>
</Project>